
Microsoft Visual Studio Solution File, Format Version 12.00
# Visual Studio Version 16
VisualStudioVersion = 16.0.32126.315
MinimumVisualStudioVersion = 10.0.40219.1
Project("{8BC9CEB8-8B4A-11D0-8D11-00A0C91BC942}") = "geoguessr enjoyers", "geoguessr enjoyers.vcxproj", "{A977EAEF-F781-4AE8-9782-71B44314C259}"
EndProject
Global
	GlobalSection(SolutionConfigurationPlatforms) = preSolution
		Debug|x64 = Debug|x64
		Debug|x86 = Debug|x86
		Release|x64 = Release|x64
		Release|x86 = Release|x86
	EndGlobalSection
	GlobalSection(ProjectConfigurationPlatforms) = postSolution
		{A977EAEF-F781-4AE8-9782-71B44314C259}.Debug|x64.ActiveCfg = Debug|x64
		{A977EAEF-F781-4AE8-9782-71B44314C259}.Debug|x64.Build.0 = Debug|x64
		{A977EAEF-F781-4AE8-9782-71B44314C259}.Debug|x86.ActiveCfg = Debug|Win32
		{A977EAEF-F781-4AE8-9782-71B44314C259}.Debug|x86.Build.0 = Debug|Win32
		{A977EAEF-F781-4AE8-9782-71B44314C259}.Release|x64.ActiveCfg = Release|x64
		{A977EAEF-F781-4AE8-9782-71B44314C259}.Release|x64.Build.0 = Release|x64
		{A977EAEF-F781-4AE8-9782-71B44314C259}.Release|x86.ActiveCfg = Release|Win32
		{A977EAEF-F781-4AE8-9782-71B44314C259}.Release|x86.Build.0 = Release|Win32
	EndGlobalSection
	GlobalSection(SolutionProperties) = preSolution
		HideSolutionNode = FALSE
	EndGlobalSection
	GlobalSection(ExtensibilityGlobals) = postSolution
		SolutionGuid = {AA496679-9144-4DBE-AAB6-5E99DB23641B}
	EndGlobalSection
EndGlobal
